
Microsoft Visual Studio Solution File, Format Version 12.00
Project("{FAE04EC0-301F-11D3-BF4B-00C04F79EFBC}") = "LernApp.Api", "LernApp.Api\LernApp.Api.csproj", "{3807D058-A01F-450C-BE69-883A356222DA}"
EndProject
Global
	GlobalSection(SolutionConfigurationPlatforms) = preSolution
		Debug|Any CPU = Debug|Any CPU
		Release|Any CPU = Release|Any CPU
	EndGlobalSection
	GlobalSection(ProjectConfigurationPlatforms) = postSolution
		{3807D058-A01F-450C-BE69-883A356222DA}.Debug|Any CPU.ActiveCfg = Debug|Any CPU
		{3807D058-A01F-450C-BE69-883A356222DA}.Debug|Any CPU.Build.0 = Debug|Any CPU
		{3807D058-A01F-450C-BE69-883A356222DA}.Release|Any CPU.ActiveCfg = Release|Any CPU
		{3807D058-A01F-450C-BE69-883A356222DA}.Release|Any CPU.Build.0 = Release|Any CPU
	EndGlobalSection
EndGlobal
